// !$*UTF8*$!
{
archiveVersion = 1;
classes = {
};
objectVersion = 56;
objects = {

/* Begin PBXBuildFile section */
B10000001 /* OnlinePicketLineApp.swift in Sources */ = {isa = PBXBuildFile; fileRef = B10000000 /* OnlinePicketLineApp.swift */; };
B10000004 /* Assets.xcassets in Resources */ = {isa = PBXBuildFile; fileRef = B10000005 /* Assets.xcassets */; };
B10100001 /* Models.swift in Sources */ = {isa = PBXBuildFile; fileRef = B10100000 /* Models.swift */; };
B10200001 /* APIClient.swift in Sources */ = {isa = PBXBuildFile; fileRef = B10200000 /* APIClient.swift */; };
B10200003 /* AppState.swift in Sources */ = {isa = PBXBuildFile; fileRef = B10200002 /* AppState.swift */; };
B10200005 /* LocationManager.swift in Sources */ = {isa = PBXBuildFile; fileRef = B10200004 /* LocationManager.swift */; };
B10200007 /* SecureStorage.swift in Sources */ = {isa = PBXBuildFile; fileRef = B10200006 /* SecureStorage.swift */; };
B10300001 /* MainTabView.swift in Sources */ = {isa = PBXBuildFile; fileRef = B10300000 /* MainTabView.swift */; };
B10300003 /* DashboardView.swift in Sources */ = {isa = PBXBuildFile; fileRef = B10300002 /* DashboardView.swift */; };
B10300005 /* GpsSnapshotView.swift in Sources */ = {isa = PBXBuildFile; fileRef = B10300004 /* GpsSnapshotView.swift */; };
B10300007 /* SubmitStrikeView.swift in Sources */ = {isa = PBXBuildFile; fileRef = B10300006 /* SubmitStrikeView.swift */; };
B10300009 /* SettingsView.swift in Sources */ = {isa = PBXBuildFile; fileRef = B10300008 /* SettingsView.swift */; };
B10300011 /* ApiKeySetupView.swift in Sources */ = {isa = PBXBuildFile; fileRef = B10300010 /* ApiKeySetupView.swift */; };
B10300013 /* BlockAlertView.swift in Sources */ = {isa = PBXBuildFile; fileRef = B10300012 /* BlockAlertView.swift */; };
B10400001 /* ModelsTests.swift in Sources */ = {isa = PBXBuildFile; fileRef = B10400000 /* ModelsTests.swift */; };
B10400003 /* AppStateTests.swift in Sources */ = {isa = PBXBuildFile; fileRef = B10400002 /* AppStateTests.swift */; };
B10400005 /* APIClientTests.swift in Sources */ = {isa = PBXBuildFile; fileRef = B10400004 /* APIClientTests.swift */; };
B10400007 /* LocationManagerTests.swift in Sources */ = {isa = PBXBuildFile; fileRef = B10400006 /* LocationManagerTests.swift */; };
/* End PBXBuildFile section */

/* Begin PBXContainerItemProxy section */
B10500001 /* PBXContainerItemProxy */ = {
isa = PBXContainerItemProxy;
containerPortal = B10000070 /* Project object */;
proxyType = 1;
remoteGlobalIDString = B10000060;
remoteInfo = OnlinePicketLine;
};
/* End PBXContainerItemProxy section */

/* Begin PBXFileReference section */
B10000000 /* OnlinePicketLineApp.swift */ = {isa = PBXFileReference; lastKnownFileType = sourcecode.swift; path = OnlinePicketLineApp.swift; sourceTree = "<group>"; };
B10000005 /* Assets.xcassets */ = {isa = PBXFileReference; lastKnownFileType = folder.assetcatalog; path = Assets.xcassets; sourceTree = "<group>"; };
B10000020 /* OnlinePicketLine.app */ = {isa = PBXFileReference; explicitFileType = wrapper.application; includeInIndex = 0; path = OnlinePicketLine.app; sourceTree = BUILT_PRODUCTS_DIR; };
B10000021 /* Info.plist */ = {isa = PBXFileReference; lastKnownFileType = text.plist.xml; path = Info.plist; sourceTree = "<group>"; };
B10100000 /* Models.swift */ = {isa = PBXFileReference; lastKnownFileType = sourcecode.swift; path = Models.swift; sourceTree = "<group>"; };
B10200000 /* APIClient.swift */ = {isa = PBXFileReference; lastKnownFileType = sourcecode.swift; path = APIClient.swift; sourceTree = "<group>"; };
B10200002 /* AppState.swift */ = {isa = PBXFileReference; lastKnownFileType = sourcecode.swift; path = AppState.swift; sourceTree = "<group>"; };
B10200004 /* LocationManager.swift */ = {isa = PBXFileReference; lastKnownFileType = sourcecode.swift; path = LocationManager.swift; sourceTree = "<group>"; };
B10200006 /* SecureStorage.swift */ = {isa = PBXFileReference; lastKnownFileType = sourcecode.swift; path = SecureStorage.swift; sourceTree = "<group>"; };
B10300000 /* MainTabView.swift */ = {isa = PBXFileReference; lastKnownFileType = sourcecode.swift; path = MainTabView.swift; sourceTree = "<group>"; };
B10300002 /* DashboardView.swift */ = {isa = PBXFileReference; lastKnownFileType = sourcecode.swift; path = DashboardView.swift; sourceTree = "<group>"; };
B10300004 /* GpsSnapshotView.swift */ = {isa = PBXFileReference; lastKnownFileType = sourcecode.swift; path = GpsSnapshotView.swift; sourceTree = "<group>"; };
B10300006 /* SubmitStrikeView.swift */ = {isa = PBXFileReference; lastKnownFileType = sourcecode.swift; path = SubmitStrikeView.swift; sourceTree = "<group>"; };
B10300008 /* SettingsView.swift */ = {isa = PBXFileReference; lastKnownFileType = sourcecode.swift; path = SettingsView.swift; sourceTree = "<group>"; };
B10300010 /* ApiKeySetupView.swift */ = {isa = PBXFileReference; lastKnownFileType = sourcecode.swift; path = ApiKeySetupView.swift; sourceTree = "<group>"; };
B10300012 /* BlockAlertView.swift */ = {isa = PBXFileReference; lastKnownFileType = sourcecode.swift; path = BlockAlertView.swift; sourceTree = "<group>"; };
B10400000 /* ModelsTests.swift */ = {isa = PBXFileReference; lastKnownFileType = sourcecode.swift; path = ModelsTests.swift; sourceTree = "<group>"; };
B10400002 /* AppStateTests.swift */ = {isa = PBXFileReference; lastKnownFileType = sourcecode.swift; path = AppStateTests.swift; sourceTree = "<group>"; };
B10400004 /* APIClientTests.swift */ = {isa = PBXFileReference; lastKnownFileType = sourcecode.swift; path = APIClientTests.swift; sourceTree = "<group>"; };
B10400006 /* LocationManagerTests.swift */ = {isa = PBXFileReference; lastKnownFileType = sourcecode.swift; path = LocationManagerTests.swift; sourceTree = "<group>"; };
B10500000 /* OnlinePicketLineTests.xctest */ = {isa = PBXFileReference; explicitFileType = wrapper.cfbundle; includeInIndex = 0; path = OnlinePicketLineTests.xctest; sourceTree = BUILT_PRODUCTS_DIR; };
/* End PBXFileReference section */

/* Begin PBXFrameworksBuildPhase section */
B10000030 /* Frameworks */ = {
isa = PBXFrameworksBuildPhase;
buildActionMask = 2147483647;
files = (
);
runOnlyForDeploymentPostprocessing = 0;
};
B10500030 /* Frameworks */ = {
isa = PBXFrameworksBuildPhase;
buildActionMask = 2147483647;
files = (
);
runOnlyForDeploymentPostprocessing = 0;
};
/* End PBXFrameworksBuildPhase section */

/* Begin PBXGroup section */
B10000040 = {
isa = PBXGroup;
children = (
B10000041 /* OnlinePicketLine */,
B10000042 /* Products */,
);
sourceTree = "<group>";
};
B10000041 /* OnlinePicketLine */ = {
isa = PBXGroup;
children = (
B10000021 /* Info.plist */,
B10000000 /* OnlinePicketLineApp.swift */,
B10000050 /* Models */,
B10000051 /* Services */,
B10000052 /* Views */,
B10000053 /* Tests */,
B10000005 /* Assets.xcassets */,
);
path = OnlinePicketLine;
sourceTree = "<group>";
};
B10000042 /* Products */ = {
isa = PBXGroup;
children = (
B10000020 /* OnlinePicketLine.app */,
B10500000 /* OnlinePicketLineTests.xctest */,
);
name = Products;
sourceTree = "<group>";
};
B10000050 /* Models */ = {
isa = PBXGroup;
children = (
B10100000 /* Models.swift */,
);
path = Models;
sourceTree = "<group>";
};
B10000051 /* Services */ = {
isa = PBXGroup;
children = (
B10200000 /* APIClient.swift */,
B10200002 /* AppState.swift */,
B10200004 /* LocationManager.swift */,
B10200006 /* SecureStorage.swift */,
);
path = Services;
sourceTree = "<group>";
};
B10000052 /* Views */ = {
isa = PBXGroup;
children = (
B10300000 /* MainTabView.swift */,
B10300002 /* DashboardView.swift */,
B10300004 /* GpsSnapshotView.swift */,
B10300006 /* SubmitStrikeView.swift */,
B10300008 /* SettingsView.swift */,
B10300010 /* ApiKeySetupView.swift */,
B10300012 /* BlockAlertView.swift */,
);
path = Views;
sourceTree = "<group>";
};
B10000053 /* Tests */ = {
isa = PBXGroup;
children = (
B10400000 /* ModelsTests.swift */,
B10400002 /* AppStateTests.swift */,
B10400004 /* APIClientTests.swift */,
B10400006 /* LocationManagerTests.swift */,
);
path = Tests;
sourceTree = "<group>";
};
/* End PBXGroup section */

/* Begin PBXNativeTarget section */
B10000060 /* OnlinePicketLine */ = {
isa = PBXNativeTarget;
buildConfigurationList = B10000061 /* Build configuration list for PBXNativeTarget "OnlinePicketLine" */;
buildPhases = (
B10000062 /* Sources */,
B10000030 /* Frameworks */,
B10000063 /* Resources */,
);
buildRules = (
);
dependencies = (
);
name = OnlinePicketLine;
productName = OnlinePicketLine;
productReference = B10000020 /* OnlinePicketLine.app */;
productType = "com.apple.product-type.application";
};
B10500060 /* OnlinePicketLineTests */ = {
isa = PBXNativeTarget;
buildConfigurationList = B10500061 /* Build configuration list for PBXNativeTarget "OnlinePicketLineTests" */;
buildPhases = (
B10500062 /* Sources */,
B10500030 /* Frameworks */,
B10500063 /* Resources */,
);
buildRules = (
);
dependencies = (
B10500002 /* PBXTargetDependency */,
);
name = OnlinePicketLineTests;
productName = OnlinePicketLineTests;
productReference = B10500000 /* OnlinePicketLineTests.xctest */;
productType = "com.apple.product-type.bundle.unit-test";
};
/* End PBXNativeTarget section */

/* Begin PBXProject section */
B10000070 /* Project object */ = {
isa = PBXProject;
attributes = {
BuildIndependentTargetsInParallel = 1;
LastSwiftUpdateCheck = 1500;
LastUpgradeCheck = 1500;
TargetAttributes = {
B10000060 = {
CreatedOnToolsVersion = 15.0;
};
B10500060 = {
CreatedOnToolsVersion = 15.0;
TestTargetID = B10000060;
};
};
};
buildConfigurationList = B10000071 /* Build configuration list for PBXProject "OnlinePicketLine" */;
compatibilityVersion = "Xcode 14.0";
developmentRegion = en;
hasScannedForEncodings = 0;
knownRegions = (
en,
Base,
);
mainGroup = B10000040;
productRefGroup = B10000042 /* Products */;
projectDirPath = "";
projectRoot = "";
targets = (
B10000060 /* OnlinePicketLine */,
B10500060 /* OnlinePicketLineTests */,
);
};
/* End PBXProject section */

/* Begin PBXResourcesBuildPhase section */
B10000063 /* Resources */ = {
isa = PBXResourcesBuildPhase;
buildActionMask = 2147483647;
files = (
B10000004 /* Assets.xcassets in Resources */,
);
runOnlyForDeploymentPostprocessing = 0;
};
B10500063 /* Resources */ = {
isa = PBXResourcesBuildPhase;
buildActionMask = 2147483647;
files = (
);
runOnlyForDeploymentPostprocessing = 0;
};
/* End PBXResourcesBuildPhase section */

/* Begin PBXSourcesBuildPhase section */
B10000062 /* Sources */ = {
isa = PBXSourcesBuildPhase;
buildActionMask = 2147483647;
files = (
B10000001 /* OnlinePicketLineApp.swift in Sources */,
B10100001 /* Models.swift in Sources */,
B10200001 /* APIClient.swift in Sources */,
B10200003 /* AppState.swift in Sources */,
B10200005 /* LocationManager.swift in Sources */,
B10200007 /* SecureStorage.swift in Sources */,
B10300001 /* MainTabView.swift in Sources */,
B10300003 /* DashboardView.swift in Sources */,
B10300005 /* GpsSnapshotView.swift in Sources */,
B10300007 /* SubmitStrikeView.swift in Sources */,
B10300009 /* SettingsView.swift in Sources */,
B10300011 /* ApiKeySetupView.swift in Sources */,
B10300013 /* BlockAlertView.swift in Sources */,
);
runOnlyForDeploymentPostprocessing = 0;
};
B10500062 /* Sources */ = {
isa = PBXSourcesBuildPhase;
buildActionMask = 2147483647;
files = (
B10400001 /* ModelsTests.swift in Sources */,
B10400003 /* AppStateTests.swift in Sources */,
B10400005 /* APIClientTests.swift in Sources */,
B10400007 /* LocationManagerTests.swift in Sources */,
);
runOnlyForDeploymentPostprocessing = 0;
};
/* End PBXSourcesBuildPhase section */

/* Begin PBXTargetDependency section */
B10500002 /* PBXTargetDependency */ = {
isa = PBXTargetDependency;
target = B10000060 /* OnlinePicketLine */;
targetProxy = B10500001 /* PBXContainerItemProxy */;
};
/* End PBXTargetDependency section */

/* Begin XCBuildConfiguration section */
B10000080 /* Debug */ = {
isa = XCBuildConfiguration;
buildSettings = {
ALWAYS_SEARCH_USER_PATHS = NO;
ASSETCATALOG_COMPILER_GENERATE_SWIFT_ASSET_SYMBOL_EXTENSIONS = YES;
CLANG_ANALYZER_NONNULL = YES;
CLANG_ANALYZER_NUMBER_OBJECT_CONVERSION = YES_AGGRESSIVE;
CLANG_CXX_LANGUAGE_STANDARD = "gnu++20";
CLANG_ENABLE_MODULES = YES;
CLANG_ENABLE_OBJC_ARC = YES;
CLANG_ENABLE_OBJC_WEAK = YES;
CLANG_WARN_BLOCK_CAPTURE_AUTORELEASING = YES;
CLANG_WARN_BOOL_CONVERSION = YES;
CLANG_WARN_COMMA = YES;
CLANG_WARN_CONSTANT_CONVERSION = YES;
CLANG_WARN_DEPRECATED_OBJC_IMPLEMENTATIONS = YES;
CLANG_WARN_DIRECT_OBJC_ISA_USAGE = YES_ERROR;
CLANG_WARN_DOCUMENTATION_COMMENTS = YES;
CLANG_WARN_EMPTY_BODY = YES;
CLANG_WARN_ENUM_CONVERSION = YES;
CLANG_WARN_INFINITE_RECURSION = YES;
CLANG_WARN_INT_CONVERSION = YES;
CLANG_WARN_NON_LITERAL_NULL_CONVERSION = YES;
CLANG_WARN_OBJC_IMPLICIT_RETAIN_SELF = YES;
CLANG_WARN_OBJC_LITERAL_CONVERSION = YES;
CLANG_WARN_OBJC_ROOT_CLASS = YES_ERROR;
CLANG_WARN_QUOTED_INCLUDE_IN_FRAMEWORK_HEADER = YES;
CLANG_WARN_RANGE_LOOP_ANALYSIS = YES;
CLANG_WARN_STRICT_PROTOTYPES = YES;
CLANG_WARN_SUSPICIOUS_MOVE = YES;
CLANG_WARN_UNGUARDED_AVAILABILITY = YES_AGGRESSIVE;
CLANG_WARN_UNREACHABLE_CODE = YES;
CLANG_WARN__DUPLICATE_METHOD_MATCH = YES;
COPY_PHASE_STRIP = NO;
DEBUG_INFORMATION_FORMAT = dwarf;
ENABLE_STRICT_OBJC_MSGSEND = YES;
ENABLE_TESTABILITY = YES;
ENABLE_USER_SCRIPT_SANDBOXING = YES;
GCC_C_LANGUAGE_STANDARD = gnu17;
GCC_DYNAMIC_NO_PIC = NO;
GCC_NO_COMMON_BLOCKS = YES;
GCC_OPTIMIZATION_LEVEL = 0;
GCC_PREPROCESSOR_DEFINITIONS = (
"DEBUG=1",
"$(inherited)",
);
GCC_WARN_64_TO_32_BIT_CONVERSION = YES;
GCC_WARN_ABOUT_RETURN_TYPE = YES_ERROR;
GCC_WARN_UNDECLARED_SELECTOR = YES;
GCC_WARN_UNINITIALIZED_AUTOS = YES_AGGRESSIVE;
GCC_WARN_UNUSED_FUNCTION = YES;
GCC_WARN_UNUSED_VARIABLE = YES;
IPHONEOS_DEPLOYMENT_TARGET = 16.0;
LOCALIZATION_PREFERS_STRING_CATALOGS = YES;
MTL_ENABLE_DEBUG_INFO = INCLUDE_SOURCE;
MTL_FAST_MATH = YES;
ONLY_ACTIVE_ARCH = YES;
SDKROOT = iphoneos;
SWIFT_ACTIVE_COMPILATION_CONDITIONS = "DEBUG $(inherited)";
SWIFT_OPTIMIZATION_LEVEL = "-Onone";
};
name = Debug;
};
B10000081 /* Release */ = {
isa = XCBuildConfiguration;
buildSettings = {
ALWAYS_SEARCH_USER_PATHS = NO;
ASSETCATALOG_COMPILER_GENERATE_SWIFT_ASSET_SYMBOL_EXTENSIONS = YES;
CLANG_ANALYZER_NONNULL = YES;
CLANG_ANALYZER_NUMBER_OBJECT_CONVERSION = YES_AGGRESSIVE;
CLANG_CXX_LANGUAGE_STANDARD = "gnu++20";
CLANG_ENABLE_MODULES = YES;
CLANG_ENABLE_OBJC_ARC = YES;
CLANG_ENABLE_OBJC_WEAK = YES;
CLANG_WARN_BLOCK_CAPTURE_AUTORELEASING = YES;
CLANG_WARN_BOOL_CONVERSION = YES;
CLANG_WARN_COMMA = YES;
CLANG_WARN_CONSTANT_CONVERSION = YES;
CLANG_WARN_DEPRECATED_OBJC_IMPLEMENTATIONS = YES;
CLANG_WARN_DIRECT_OBJC_ISA_USAGE = YES_ERROR;
CLANG_WARN_DOCUMENTATION_COMMENTS = YES;
CLANG_WARN_EMPTY_BODY = YES;
CLANG_WARN_ENUM_CONVERSION = YES;
CLANG_WARN_INFINITE_RECURSION = YES;
CLANG_WARN_INT_CONVERSION = YES;
CLANG_WARN_NON_LITERAL_NULL_CONVERSION = YES;
CLANG_WARN_OBJC_IMPLICIT_RETAIN_SELF = YES;
CLANG_WARN_OBJC_LITERAL_CONVERSION = YES;
CLANG_WARN_OBJC_ROOT_CLASS = YES_ERROR;
CLANG_WARN_QUOTED_INCLUDE_IN_FRAMEWORK_HEADER = YES;
CLANG_WARN_RANGE_LOOP_ANALYSIS = YES;
CLANG_WARN_STRICT_PROTOTYPES = YES;
CLANG_WARN_SUSPICIOUS_MOVE = YES;
CLANG_WARN_UNGUARDED_AVAILABILITY = YES_AGGRESSIVE;
CLANG_WARN_UNREACHABLE_CODE = YES;
CLANG_WARN__DUPLICATE_METHOD_MATCH = YES;
COPY_PHASE_STRIP = NO;
DEBUG_INFORMATION_FORMAT = "dwarf-with-dsym";
ENABLE_NS_ASSERTIONS = NO;
ENABLE_STRICT_OBJC_MSGSEND = YES;
ENABLE_USER_SCRIPT_SANDBOXING = YES;
GCC_C_LANGUAGE_STANDARD = gnu17;
GCC_NO_COMMON_BLOCKS = YES;
GCC_WARN_64_TO_32_BIT_CONVERSION = YES;
GCC_WARN_ABOUT_RETURN_TYPE = YES_ERROR;
GCC_WARN_UNDECLARED_SELECTOR = YES;
GCC_WARN_UNINITIALIZED_AUTOS = YES_AGGRESSIVE;
GCC_WARN_UNUSED_FUNCTION = YES;
GCC_WARN_UNUSED_VARIABLE = YES;
IPHONEOS_DEPLOYMENT_TARGET = 16.0;
LOCALIZATION_PREFERS_STRING_CATALOGS = YES;
MTL_ENABLE_DEBUG_INFO = NO;
MTL_FAST_MATH = YES;
SDKROOT = iphoneos;
SWIFT_COMPILATION_MODE = wholemodule;
VALIDATE_PRODUCT = YES;
};
name = Release;
};
B10000082 /* Debug */ = {
isa = XCBuildConfiguration;
buildSettings = {
ASSETCATALOG_COMPILER_APPICON_NAME = AppIcon;
ASSETCATALOG_COMPILER_GLOBAL_ACCENT_COLOR_NAME = AccentColor;
CODE_SIGN_STYLE = Automatic;
CURRENT_PROJECT_VERSION = 1;
DEVELOPMENT_TEAM = "";
ENABLE_PREVIEWS = YES;
GENERATE_INFOPLIST_FILE = NO;
INFOPLIST_FILE = OnlinePicketLine/Info.plist;
INFOPLIST_KEY_NSLocationWhenInUseUsageDescription = "Online Picket Line uses your location to alert you about nearby labor actions and active picket lines.";
INFOPLIST_KEY_UIApplicationSceneManifest_Generation = YES;
INFOPLIST_KEY_UIApplicationSupportsIndirectInputEvents = YES;
INFOPLIST_KEY_UILaunchScreen_Generation = YES;
INFOPLIST_KEY_UISupportedInterfaceOrientations_iPad = "UIInterfaceOrientationPortrait UIInterfaceOrientationPortraitUpsideDown UIInterfaceOrientationLandscapeLeft UIInterfaceOrientationLandscapeRight";
INFOPLIST_KEY_UISupportedInterfaceOrientations_iPhone = "UIInterfaceOrientationPortrait UIInterfaceOrientationLandscapeLeft UIInterfaceOrientationLandscapeRight";
LD_RUNPATH_SEARCH_PATHS = (
"$(inherited)",
"@executable_path/Frameworks",
);
MARKETING_VERSION = 1.0.0;
PRODUCT_BUNDLE_IDENTIFIER = com.onlinepicketline.opl;
PRODUCT_NAME = "$(TARGET_NAME)";
SWIFT_EMIT_LOC_STRINGS = YES;
SWIFT_VERSION = 5.0;
TARGETED_DEVICE_FAMILY = "1,2";
};
name = Debug;
};
B10000083 /* Release */ = {
isa = XCBuildConfiguration;
buildSettings = {
ASSETCATALOG_COMPILER_APPICON_NAME = AppIcon;
ASSETCATALOG_COMPILER_GLOBAL_ACCENT_COLOR_NAME = AccentColor;
CODE_SIGN_STYLE = Automatic;
CURRENT_PROJECT_VERSION = 1;
DEVELOPMENT_TEAM = "";
ENABLE_PREVIEWS = YES;
GENERATE_INFOPLIST_FILE = NO;
INFOPLIST_FILE = OnlinePicketLine/Info.plist;
INFOPLIST_KEY_NSLocationWhenInUseUsageDescription = "Online Picket Line uses your location to alert you about nearby labor actions and active picket lines.";
INFOPLIST_KEY_UIApplicationSceneManifest_Generation = YES;
INFOPLIST_KEY_UIApplicationSupportsIndirectInputEvents = YES;
INFOPLIST_KEY_UILaunchScreen_Generation = YES;
INFOPLIST_KEY_UISupportedInterfaceOrientations_iPad = "UIInterfaceOrientationPortrait UIInterfaceOrientationPortraitUpsideDown UIInterfaceOrientationLandscapeLeft UIInterfaceOrientationLandscapeRight";
INFOPLIST_KEY_UISupportedInterfaceOrientations_iPhone = "UIInterfaceOrientationPortrait UIInterfaceOrientationLandscapeLeft UIInterfaceOrientationLandscapeRight";
LD_RUNPATH_SEARCH_PATHS = (
"$(inherited)",
"@executable_path/Frameworks",
);
MARKETING_VERSION = 1.0.0;
PRODUCT_BUNDLE_IDENTIFIER = com.onlinepicketline.opl;
PRODUCT_NAME = "$(TARGET_NAME)";
SWIFT_EMIT_LOC_STRINGS = YES;
SWIFT_VERSION = 5.0;
TARGETED_DEVICE_FAMILY = "1,2";
};
name = Release;
};
B10500082 /* Debug */ = {
isa = XCBuildConfiguration;
buildSettings = {
BUNDLE_LOADER = "$(TEST_HOST)";
CODE_SIGN_STYLE = Automatic;
CURRENT_PROJECT_VERSION = 1;
GENERATE_INFOPLIST_FILE = YES;
IPHONEOS_DEPLOYMENT_TARGET = 16.0;
MARKETING_VERSION = 1.0.0;
PRODUCT_BUNDLE_IDENTIFIER = com.onlinepicketline.opl.tests;
PRODUCT_NAME = "$(TARGET_NAME)";
SWIFT_EMIT_LOC_STRINGS = NO;
SWIFT_VERSION = 5.0;
TARGETED_DEVICE_FAMILY = "1,2";
TEST_HOST = "$(BUILT_PRODUCTS_DIR)/OnlinePicketLine.app/$(BUNDLE_EXECUTABLE_FOLDER_PATH)/OnlinePicketLine";
};
name = Debug;
};
B10500083 /* Release */ = {
isa = XCBuildConfiguration;
buildSettings = {
BUNDLE_LOADER = "$(TEST_HOST)";
CODE_SIGN_STYLE = Automatic;
CURRENT_PROJECT_VERSION = 1;
GENERATE_INFOPLIST_FILE = YES;
IPHONEOS_DEPLOYMENT_TARGET = 16.0;
MARKETING_VERSION = 1.0.0;
PRODUCT_BUNDLE_IDENTIFIER = com.onlinepicketline.opl.tests;
PRODUCT_NAME = "$(TARGET_NAME)";
SWIFT_EMIT_LOC_STRINGS = NO;
SWIFT_VERSION = 5.0;
TARGETED_DEVICE_FAMILY = "1,2";
TEST_HOST = "$(BUILT_PRODUCTS_DIR)/OnlinePicketLine.app/$(BUNDLE_EXECUTABLE_FOLDER_PATH)/OnlinePicketLine";
};
name = Release;
};
/* End XCBuildConfiguration section */

/* Begin XCConfigurationList section */
B10000061 /* Build configuration list for PBXNativeTarget "OnlinePicketLine" */ = {
isa = XCConfigurationList;
buildConfigurations = (
B10000082 /* Debug */,
B10000083 /* Release */,
);
defaultConfigurationIsVisible = 0;
defaultConfigurationName = Release;
};
B10000071 /* Build configuration list for PBXProject "OnlinePicketLine" */ = {
isa = XCConfigurationList;
buildConfigurations = (
B10000080 /* Debug */,
B10000081 /* Release */,
);
defaultConfigurationIsVisible = 0;
defaultConfigurationName = Release;
};
B10500061 /* Build configuration list for PBXNativeTarget "OnlinePicketLineTests" */ = {
isa = XCConfigurationList;
buildConfigurations = (
B10500082 /* Debug */,
B10500083 /* Release */,
);
defaultConfigurationIsVisible = 0;
defaultConfigurationName = Release;
};
/* End XCConfigurationList section */
};
rootObject = B10000070 /* Project object */;
}
